{
  "nodes": {
    "darwin": {
      "inputs": {
        "nixpkgs": [
          "nixpkgs"
        ]
      },
      "locked": {
        "lastModified": 1692248770,
        "narHash": "sha256-tZeFpETKQGbgnaSIO1AGWD27IyTcBm4D+A9d7ulQ4NM=",
        "owner": "lnl7",
        "repo": "nix-darwin",
        "rev": "511177ffe8226c78c9cf6a92a7b5f2df3684956b",
        "type": "github"
      },
      "original": {
        "owner": "lnl7",
        "ref": "master",
        "repo": "nix-darwin",
        "type": "github"
      }
    },
    "flake-utils": {
      "inputs": {
        "systems": "systems"
      },
      "locked": {
        "lastModified": 1687709756,
        "narHash": "sha256-Y5wKlQSkgEK2weWdOu4J3riRd+kV/VCgHsqLNTTWQ/0=",
        "owner": "numtide",
        "repo": "flake-utils",
        "rev": "dbabf0ca0c0c4bce6ea5eaf65af5cb694d2082c7",
        "type": "github"
      },
      "original": {
        "owner": "numtide",
        "repo": "flake-utils",
        "type": "github"
      }
    },
    "home-manager": {
      "inputs": {
        "nixpkgs": [
          "nixpkgs"
        ]
      },
      "locked": {
        "lastModified": 1687871164,
        "narHash": "sha256-bBFlPthuYX322xOlpJvkjUBz0C+MOBjZdDOOJJ+G2jU=",
        "owner": "nix-community",
        "repo": "home-manager",
        "rev": "07c347bb50994691d7b0095f45ebd8838cf6bc38",
        "type": "github"
      },
      "original": {
        "owner": "nix-community",
        "ref": "release-23.05",
        "repo": "home-manager",
        "type": "github"
      }
    },
    "neovimch": {
      "inputs": {
        "flake-utils": "flake-utils",
        "nixpkgs": [
          "nixpkgs"
        ]
      },
      "locked": {
        "lastModified": 1690300763,
        "narHash": "sha256-KfwzP4u/K8XwLaO3Hmrr1T7/zLaPpDx6BraAM3JPbdQ=",
        "ref": "refs/heads/master",
        "rev": "842f8d66b5c0947e97c66f7e4ae18c9fd98f297f",
        "revCount": 142,
        "type": "git",
        "url": "https://git.codyhiar.com/config/nvim"
      },
      "original": {
        "type": "git",
        "url": "https://git.codyhiar.com/config/nvim"
      }
    },
    "nixpkgs": {
      "locked": {
        "lastModified": 1690835256,
        "narHash": "sha256-SZy/Nvwbf6CorhEsvmjqgjoYNLnRfaKVZMfSnpUDPnc=",
        "owner": "NixOS",
        "repo": "nixpkgs",
        "rev": "b7cde1c47b7316f6138a2b36ef6627f3d16d645c",
        "type": "github"
      },
      "original": {
        "id": "nixpkgs",
        "ref": "nixos-23.05",
        "type": "indirect"
      }
    },
    "root": {
      "inputs": {
        "darwin": "darwin",
        "home-manager": "home-manager",
        "neovimch": "neovimch",
        "nixpkgs": "nixpkgs",
        "wrapper-manager": "wrapper-manager"
      }
    },
    "systems": {
      "locked": {
        "lastModified": 1681028828,
        "narHash": "sha256-Vy1rq5AaRuLzOxct8nz4T6wlgyUR7zLU309k9mBC768=",
        "owner": "nix-systems",
        "repo": "default",
        "rev": "da67096a3b9bf56a91d16901293e51ba5b49a27e",
        "type": "github"
      },
      "original": {
        "owner": "nix-systems",
        "repo": "default",
        "type": "github"
      }
    },
    "wrapper-manager": {
      "inputs": {
        "nixpkgs": [
          "nixpkgs"
        ]
      },
      "locked": {
        "lastModified": 1691515884,
        "narHash": "sha256-NZfOc+wgxU9vxaKLYD6c45KFtAvqxRkXVgeIXNaCGY0=",
        "owner": "viperML",
        "repo": "wrapper-manager",
        "rev": "751e1c318df20bbd4c1b74263ceac75b4b5e597d",
        "type": "github"
      },
      "original": {
        "owner": "viperML",
        "repo": "wrapper-manager",
        "type": "github"
      }
    }
  },
  "root": "root",
  "version": 7
}
